// !$*UTF8*$!
{
	archiveVersion = 1;
	classes = {
	};
	objectVersion = 55;
	objects = {

/* Begin PBXBuildFile section */
		E6AC76CA28F179CA0011BC02 /* BaseTableViewController.swift in Sources */ = {isa = PBXBuildFile; fileRef = E6AC76C928F179CA0011BC02 /* BaseTableViewController.swift */; };
		E6AC76CC28F18A660011BC02 /* Extension+Color.swift in Sources */ = {isa = PBXBuildFile; fileRef = E6AC76CB28F18A660011BC02 /* Extension+Color.swift */; };
		E6AC76CF28F18E290011BC02 /* RoomCell.swift in Sources */ = {isa = PBXBuildFile; fileRef = E6AC76CE28F18E290011BC02 /* RoomCell.swift */; };
		E6AC76D228F18F230011BC02 /* RoomCell.xib in Resources */ = {isa = PBXBuildFile; fileRef = E6AC76D128F18F230011BC02 /* RoomCell.xib */; };
		E6AC76D428F1D2BF0011BC02 /* PersonCell.swift in Sources */ = {isa = PBXBuildFile; fileRef = E6AC76D328F1D2BF0011BC02 /* PersonCell.swift */; };
		E6AC76D628F1D3510011BC02 /* PeopleViewModel.swift in Sources */ = {isa = PBXBuildFile; fileRef = E6AC76D528F1D3510011BC02 /* PeopleViewModel.swift */; };
		E6BF968928F01E0300360F73 /* AppDelegate.swift in Sources */ = {isa = PBXBuildFile; fileRef = E6BF968828F01E0300360F73 /* AppDelegate.swift */; };
		E6BF968B28F01E0300360F73 /* SceneDelegate.swift in Sources */ = {isa = PBXBuildFile; fileRef = E6BF968A28F01E0300360F73 /* SceneDelegate.swift */; };
		E6BF968D28F01E0300360F73 /* RoomsViewController.swift in Sources */ = {isa = PBXBuildFile; fileRef = E6BF968C28F01E0300360F73 /* RoomsViewController.swift */; };
		E6BF969028F01E0300360F73 /* Main.storyboard in Resources */ = {isa = PBXBuildFile; fileRef = E6BF968E28F01E0300360F73 /* Main.storyboard */; };
		E6BF969228F01E0400360F73 /* Assets.xcassets in Resources */ = {isa = PBXBuildFile; fileRef = E6BF969128F01E0400360F73 /* Assets.xcassets */; };
		E6BF969528F01E0400360F73 /* LaunchScreen.storyboard in Resources */ = {isa = PBXBuildFile; fileRef = E6BF969328F01E0400360F73 /* LaunchScreen.storyboard */; };
		E6BF96A028F01FD300360F73 /* EndPoint.swift in Sources */ = {isa = PBXBuildFile; fileRef = E6BF969F28F01FD300360F73 /* EndPoint.swift */; };
		E6BF96A228F0252D00360F73 /* HttpHandler.swift in Sources */ = {isa = PBXBuildFile; fileRef = E6BF96A128F0252D00360F73 /* HttpHandler.swift */; };
		E6BF96A528F0362E00360F73 /* RoomService.swift in Sources */ = {isa = PBXBuildFile; fileRef = E6BF96A428F0362E00360F73 /* RoomService.swift */; };
		E6BF96A828F036A400360F73 /* Rooms.swift in Sources */ = {isa = PBXBuildFile; fileRef = E6BF96A728F036A400360F73 /* Rooms.swift */; };
		E6BF96AA28F0418700360F73 /* Person.swift in Sources */ = {isa = PBXBuildFile; fileRef = E6BF96A928F0418700360F73 /* Person.swift */; };
		E6BF96AC28F042A300360F73 /* PeopleService.swift in Sources */ = {isa = PBXBuildFile; fileRef = E6BF96AB28F042A300360F73 /* PeopleService.swift */; };
		E6BF96AF28F048B600360F73 /* RoomViewModel.swift in Sources */ = {isa = PBXBuildFile; fileRef = E6BF96AE28F048B600360F73 /* RoomViewModel.swift */; };
		E6BF96B128F054A100360F73 /* PeopleViewController.swift in Sources */ = {isa = PBXBuildFile; fileRef = E6BF96B028F054A100360F73 /* PeopleViewController.swift */; };
		E6BF96B328F0550800360F73 /* ViewControllerFactory.swift in Sources */ = {isa = PBXBuildFile; fileRef = E6BF96B228F0550800360F73 /* ViewControllerFactory.swift */; };
		E6BF96B628F055D300360F73 /* Extension+ViewController.swift in Sources */ = {isa = PBXBuildFile; fileRef = E6BF96B528F055D300360F73 /* Extension+ViewController.swift */; };
/* End PBXBuildFile section */

/* Begin PBXFileReference section */
		E6AC76C928F179CA0011BC02 /* BaseTableViewController.swift */ = {isa = PBXFileReference; lastKnownFileType = sourcecode.swift; path = BaseTableViewController.swift; sourceTree = "<group>"; };
		E6AC76CB28F18A660011BC02 /* Extension+Color.swift */ = {isa = PBXFileReference; lastKnownFileType = sourcecode.swift; path = "Extension+Color.swift"; sourceTree = "<group>"; };
		E6AC76CE28F18E290011BC02 /* RoomCell.swift */ = {isa = PBXFileReference; lastKnownFileType = sourcecode.swift; path = RoomCell.swift; sourceTree = "<group>"; };
		E6AC76D128F18F230011BC02 /* RoomCell.xib */ = {isa = PBXFileReference; lastKnownFileType = file.xib; path = RoomCell.xib; sourceTree = "<group>"; };
		E6AC76D328F1D2BF0011BC02 /* PersonCell.swift */ = {isa = PBXFileReference; lastKnownFileType = sourcecode.swift; path = PersonCell.swift; sourceTree = "<group>"; };
		E6AC76D528F1D3510011BC02 /* PeopleViewModel.swift */ = {isa = PBXFileReference; lastKnownFileType = sourcecode.swift; path = PeopleViewModel.swift; sourceTree = "<group>"; };
		E6BF968528F01E0300360F73 /* Mphasis_Test.app */ = {isa = PBXFileReference; explicitFileType = wrapper.application; includeInIndex = 0; path = Mphasis_Test.app; sourceTree = BUILT_PRODUCTS_DIR; };
		E6BF968828F01E0300360F73 /* AppDelegate.swift */ = {isa = PBXFileReference; lastKnownFileType = sourcecode.swift; path = AppDelegate.swift; sourceTree = "<group>"; };
		E6BF968A28F01E0300360F73 /* SceneDelegate.swift */ = {isa = PBXFileReference; lastKnownFileType = sourcecode.swift; path = SceneDelegate.swift; sourceTree = "<group>"; };
		E6BF968C28F01E0300360F73 /* RoomsViewController.swift */ = {isa = PBXFileReference; lastKnownFileType = sourcecode.swift; path = RoomsViewController.swift; sourceTree = "<group>"; };
		E6BF968F28F01E0300360F73 /* Base */ = {isa = PBXFileReference; lastKnownFileType = file.storyboard; name = Base; path = Base.lproj/Main.storyboard; sourceTree = "<group>"; };
		E6BF969128F01E0400360F73 /* Assets.xcassets */ = {isa = PBXFileReference; lastKnownFileType = folder.assetcatalog; path = Assets.xcassets; sourceTree = "<group>"; };
		E6BF969428F01E0400360F73 /* Base */ = {isa = PBXFileReference; lastKnownFileType = file.storyboard; name = Base; path = Base.lproj/LaunchScreen.storyboard; sourceTree = "<group>"; };
		E6BF969628F01E0400360F73 /* Info.plist */ = {isa = PBXFileReference; lastKnownFileType = text.plist.xml; path = Info.plist; sourceTree = "<group>"; };
		E6BF969F28F01FD300360F73 /* EndPoint.swift */ = {isa = PBXFileReference; lastKnownFileType = sourcecode.swift; path = EndPoint.swift; sourceTree = "<group>"; };
		E6BF96A128F0252D00360F73 /* HttpHandler.swift */ = {isa = PBXFileReference; lastKnownFileType = sourcecode.swift; path = HttpHandler.swift; sourceTree = "<group>"; };
		E6BF96A428F0362E00360F73 /* RoomService.swift */ = {isa = PBXFileReference; lastKnownFileType = sourcecode.swift; path = RoomService.swift; sourceTree = "<group>"; };
		E6BF96A728F036A400360F73 /* Rooms.swift */ = {isa = PBXFileReference; lastKnownFileType = sourcecode.swift; path = Rooms.swift; sourceTree = "<group>"; };
		E6BF96A928F0418700360F73 /* Person.swift */ = {isa = PBXFileReference; lastKnownFileType = sourcecode.swift; path = Person.swift; sourceTree = "<group>"; };
		E6BF96AB28F042A300360F73 /* PeopleService.swift */ = {isa = PBXFileReference; lastKnownFileType = sourcecode.swift; path = PeopleService.swift; sourceTree = "<group>"; };
		E6BF96AE28F048B600360F73 /* RoomViewModel.swift */ = {isa = PBXFileReference; lastKnownFileType = sourcecode.swift; path = RoomViewModel.swift; sourceTree = "<group>"; };
		E6BF96B028F054A100360F73 /* PeopleViewController.swift */ = {isa = PBXFileReference; lastKnownFileType = sourcecode.swift; path = PeopleViewController.swift; sourceTree = "<group>"; };
		E6BF96B228F0550800360F73 /* ViewControllerFactory.swift */ = {isa = PBXFileReference; lastKnownFileType = sourcecode.swift; path = ViewControllerFactory.swift; sourceTree = "<group>"; };
		E6BF96B528F055D300360F73 /* Extension+ViewController.swift */ = {isa = PBXFileReference; lastKnownFileType = sourcecode.swift; path = "Extension+ViewController.swift"; sourceTree = "<group>"; };
/* End PBXFileReference section */

/* Begin PBXFrameworksBuildPhase section */
		E6BF968228F01E0300360F73 /* Frameworks */ = {
			isa = PBXFrameworksBuildPhase;
			buildActionMask = 2147483647;
			files = (
			);
			runOnlyForDeploymentPostprocessing = 0;
		};
/* End PBXFrameworksBuildPhase section */

/* Begin PBXGroup section */
		E6AC76C628F1794C0011BC02 /* UI Interface */ = {
			isa = PBXGroup;
			children = (
				E6AC76D028F18F160011BC02 /* Cell Xib */,
				E6BF969328F01E0400360F73 /* LaunchScreen.storyboard */,
				E6BF968E28F01E0300360F73 /* Main.storyboard */,
			);
			path = "UI Interface";
			sourceTree = "<group>";
		};
		E6AC76C728F1799E0011BC02 /* Base Classes */ = {
			isa = PBXGroup;
			children = (
				E6AC76C828F179AC0011BC02 /* Base Table View */,
			);
			path = "Base Classes";
			sourceTree = "<group>";
		};
		E6AC76C828F179AC0011BC02 /* Base Table View */ = {
			isa = PBXGroup;
			children = (
				E6AC76C928F179CA0011BC02 /* BaseTableViewController.swift */,
			);
			path = "Base Table View";
			sourceTree = "<group>";
		};
		E6AC76CD28F18E1B0011BC02 /* Custom Cells */ = {
			isa = PBXGroup;
			children = (
				E6AC76CE28F18E290011BC02 /* RoomCell.swift */,
				E6AC76D328F1D2BF0011BC02 /* PersonCell.swift */,
			);
			path = "Custom Cells";
			sourceTree = "<group>";
		};
		E6AC76D028F18F160011BC02 /* Cell Xib */ = {
			isa = PBXGroup;
			children = (
				E6AC76D128F18F230011BC02 /* RoomCell.xib */,
			);
			path = "Cell Xib";
			sourceTree = "<group>";
		};
		E6BF967C28F01E0300360F73 = {
			isa = PBXGroup;
			children = (
				E6BF968728F01E0300360F73 /* Mphasis_Test */,
				E6BF968628F01E0300360F73 /* Products */,
			);
			sourceTree = "<group>";
		};
		E6BF968628F01E0300360F73 /* Products */ = {
			isa = PBXGroup;
			children = (
				E6BF968528F01E0300360F73 /* Mphasis_Test.app */,
			);
			name = Products;
			sourceTree = "<group>";
		};
		E6BF968728F01E0300360F73 /* Mphasis_Test */ = {
			isa = PBXGroup;
			children = (
				E6AC76C728F1799E0011BC02 /* Base Classes */,
				E6AC76C628F1794C0011BC02 /* UI Interface */,
				E6BF96B428F055B900360F73 /* Extension */,
				E6BF96AD28F048A200360F73 /* View Models */,
				E6BF96A628F0369900360F73 /* Models */,
				E6BF96A328F0362000360F73 /* Services */,
				E6BF969E28F01FB400360F73 /* Http Layer */,
				E6AC76CD28F18E1B0011BC02 /* Custom Cells */,
				E6BF969D28F01FA900360F73 /* View Controllers */,
				E6BF969C28F01F9800360F73 /* App Delegates */,
				E6BF969128F01E0400360F73 /* Assets.xcassets */,
				E6BF969628F01E0400360F73 /* Info.plist */,
			);
			path = Mphasis_Test;
			sourceTree = "<group>";
		};
		E6BF969C28F01F9800360F73 /* App Delegates */ = {
			isa = PBXGroup;
			children = (
				E6BF968828F01E0300360F73 /* AppDelegate.swift */,
				E6BF968A28F01E0300360F73 /* SceneDelegate.swift */,
			);
			path = "App Delegates";
			sourceTree = "<group>";
		};
		E6BF969D28F01FA900360F73 /* View Controllers */ = {
			isa = PBXGroup;
			children = (
				E6BF968C28F01E0300360F73 /* RoomsViewController.swift */,
				E6BF96B028F054A100360F73 /* PeopleViewController.swift */,
				E6BF96B228F0550800360F73 /* ViewControllerFactory.swift */,
			);
			path = "View Controllers";
			sourceTree = "<group>";
		};
		E6BF969E28F01FB400360F73 /* Http Layer */ = {
			isa = PBXGroup;
			children = (
				E6BF969F28F01FD300360F73 /* EndPoint.swift */,
				E6BF96A128F0252D00360F73 /* HttpHandler.swift */,
			);
			path = "Http Layer";
			sourceTree = "<group>";
		};
		E6BF96A328F0362000360F73 /* Services */ = {
			isa = PBXGroup;
			children = (
				E6BF96A428F0362E00360F73 /* RoomService.swift */,
				E6BF96AB28F042A300360F73 /* PeopleService.swift */,
			);
			path = Services;
			sourceTree = "<group>";
		};
		E6BF96A628F0369900360F73 /* Models */ = {
			isa = PBXGroup;
			children = (
				E6BF96A728F036A400360F73 /* Rooms.swift */,
				E6BF96A928F0418700360F73 /* Person.swift */,
			);
			path = Models;
			sourceTree = "<group>";
		};
		E6BF96AD28F048A200360F73 /* View Models */ = {
			isa = PBXGroup;
			children = (
				E6BF96AE28F048B600360F73 /* RoomViewModel.swift */,
				E6AC76D528F1D3510011BC02 /* PeopleViewModel.swift */,
			);
			path = "View Models";
			sourceTree = "<group>";
		};
		E6BF96B428F055B900360F73 /* Extension */ = {
			isa = PBXGroup;
			children = (
				E6BF96B528F055D300360F73 /* Extension+ViewController.swift */,
				E6AC76CB28F18A660011BC02 /* Extension+Color.swift */,
			);
			path = Extension;
			sourceTree = "<group>";
		};
/* End PBXGroup section */

/* Begin PBXNativeTarget section */
		E6BF968428F01E0300360F73 /* Mphasis_Test */ = {
			isa = PBXNativeTarget;
			buildConfigurationList = E6BF969928F01E0400360F73 /* Build configuration list for PBXNativeTarget "Mphasis_Test" */;
			buildPhases = (
				E6BF968128F01E0300360F73 /* Sources */,
				E6BF968228F01E0300360F73 /* Frameworks */,
				E6BF968328F01E0300360F73 /* Resources */,
			);
			buildRules = (
			);
			dependencies = (
			);
			name = Mphasis_Test;
			productName = Mphasis_Test;
			productReference = E6BF968528F01E0300360F73 /* Mphasis_Test.app */;
			productType = "com.apple.product-type.application";
		};
/* End PBXNativeTarget section */

/* Begin PBXProject section */
		E6BF967D28F01E0300360F73 /* Project object */ = {
			isa = PBXProject;
			attributes = {
				BuildIndependentTargetsInParallel = 1;
				LastSwiftUpdateCheck = 1340;
				LastUpgradeCheck = 1340;
				TargetAttributes = {
					E6BF968428F01E0300360F73 = {
						CreatedOnToolsVersion = 13.4.1;
					};
				};
			};
			buildConfigurationList = E6BF968028F01E0300360F73 /* Build configuration list for PBXProject "Mphasis_Test" */;
			compatibilityVersion = "Xcode 13.0";
			developmentRegion = en;
			hasScannedForEncodings = 0;
			knownRegions = (
				en,
				Base,
			);
			mainGroup = E6BF967C28F01E0300360F73;
			productRefGroup = E6BF968628F01E0300360F73 /* Products */;
			projectDirPath = "";
			projectRoot = "";
			targets = (
				E6BF968428F01E0300360F73 /* Mphasis_Test */,
			);
		};
/* End PBXProject section */

/* Begin PBXResourcesBuildPhase section */
		E6BF968328F01E0300360F73 /* Resources */ = {
			isa = PBXResourcesBuildPhase;
			buildActionMask = 2147483647;
			files = (
				E6BF969528F01E0400360F73 /* LaunchScreen.storyboard in Resources */,
				E6BF969228F01E0400360F73 /* Assets.xcassets in Resources */,
				E6AC76D228F18F230011BC02 /* RoomCell.xib in Resources */,
				E6BF969028F01E0300360F73 /* Main.storyboard in Resources */,
			);
			runOnlyForDeploymentPostprocessing = 0;
		};
/* End PBXResourcesBuildPhase section */

/* Begin PBXSourcesBuildPhase section */
		E6BF968128F01E0300360F73 /* Sources */ = {
			isa = PBXSourcesBuildPhase;
			buildActionMask = 2147483647;
			files = (
				E6BF96A528F0362E00360F73 /* RoomService.swift in Sources */,
				E6AC76D628F1D3510011BC02 /* PeopleViewModel.swift in Sources */,
				E6BF96A828F036A400360F73 /* Rooms.swift in Sources */,
				E6BF96B628F055D300360F73 /* Extension+ViewController.swift in Sources */,
				E6BF96A228F0252D00360F73 /* HttpHandler.swift in Sources */,
				E6BF96B128F054A100360F73 /* PeopleViewController.swift in Sources */,
				E6BF968D28F01E0300360F73 /* RoomsViewController.swift in Sources */,
				E6AC76CF28F18E290011BC02 /* RoomCell.swift in Sources */,
				E6BF96AA28F0418700360F73 /* Person.swift in Sources */,
				E6AC76CC28F18A660011BC02 /* Extension+Color.swift in Sources */,
				E6BF96AF28F048B600360F73 /* RoomViewModel.swift in Sources */,
				E6BF968928F01E0300360F73 /* AppDelegate.swift in Sources */,
				E6BF96A028F01FD300360F73 /* EndPoint.swift in Sources */,
				E6AC76CA28F179CA0011BC02 /* BaseTableViewController.swift in Sources */,
				E6BF96B328F0550800360F73 /* ViewControllerFactory.swift in Sources */,
				E6BF968B28F01E0300360F73 /* SceneDelegate.swift in Sources */,
				E6AC76D428F1D2BF0011BC02 /* PersonCell.swift in Sources */,
				E6BF96AC28F042A300360F73 /* PeopleService.swift in Sources */,
			);
			runOnlyForDeploymentPostprocessing = 0;
		};
/* End PBXSourcesBuildPhase section */

/* Begin PBXVariantGroup section */
		E6BF968E28F01E0300360F73 /* Main.storyboard */ = {
			isa = PBXVariantGroup;
			children = (
				E6BF968F28F01E0300360F73 /* Base */,
			);
			name = Main.storyboard;
			sourceTree = "<group>";
		};
		E6BF969328F01E0400360F73 /* LaunchScreen.storyboard */ = {
			isa = PBXVariantGroup;
			children = (
				E6BF969428F01E0400360F73 /* Base */,
			);
			name = LaunchScreen.storyboard;
			sourceTree = "<group>";
		};
/* End PBXVariantGroup section */

/* Begin XCBuildConfiguration section */
		E6BF969728F01E0400360F73 /* Debug */ = {
			isa = XCBuildConfiguration;
			buildSettings = {
				ALWAYS_SEARCH_USER_PATHS = NO;
				CLANG_ANALYZER_NONNULL = YES;
				CLANG_ANALYZER_NUMBER_OBJECT_CONVERSION = YES_AGGRESSIVE;
				CLANG_CXX_LANGUAGE_STANDARD = "gnu++17";
				CLANG_ENABLE_MODULES = YES;
				CLANG_ENABLE_OBJC_ARC = YES;
				CLANG_ENABLE_OBJC_WEAK = YES;
				CLANG_WARN_BLOCK_CAPTURE_AUTORELEASING = YES;
				CLANG_WARN_BOOL_CONVERSION = YES;
				CLANG_WARN_COMMA = YES;
				CLANG_WARN_CONSTANT_CONVERSION = YES;
				CLANG_WARN_DEPRECATED_OBJC_IMPLEMENTATIONS = YES;
				CLANG_WARN_DIRECT_OBJC_ISA_USAGE = YES_ERROR;
				CLANG_WARN_DOCUMENTATION_COMMENTS = YES;
				CLANG_WARN_EMPTY_BODY = YES;
				CLANG_WARN_ENUM_CONVERSION = YES;
				CLANG_WARN_INFINITE_RECURSION = YES;
				CLANG_WARN_INT_CONVERSION = YES;
				CLANG_WARN_NON_LITERAL_NULL_CONVERSION = YES;
				CLANG_WARN_OBJC_IMPLICIT_RETAIN_SELF = YES;
				CLANG_WARN_OBJC_LITERAL_CONVERSION = YES;
				CLANG_WARN_OBJC_ROOT_CLASS = YES_ERROR;
				CLANG_WARN_QUOTED_INCLUDE_IN_FRAMEWORK_HEADER = YES;
				CLANG_WARN_RANGE_LOOP_ANALYSIS = YES;
				CLANG_WARN_STRICT_PROTOTYPES = YES;
				CLANG_WARN_SUSPICIOUS_MOVE = YES;
				CLANG_WARN_UNGUARDED_AVAILABILITY = YES_AGGRESSIVE;
				CLANG_WARN_UNREACHABLE_CODE = YES;
				CLANG_WARN__DUPLICATE_METHOD_MATCH = YES;
				COPY_PHASE_STRIP = NO;
				DEBUG_INFORMATION_FORMAT = dwarf;
				ENABLE_STRICT_OBJC_MSGSEND = YES;
				ENABLE_TESTABILITY = YES;
				GCC_C_LANGUAGE_STANDARD = gnu11;
				GCC_DYNAMIC_NO_PIC = NO;
				GCC_NO_COMMON_BLOCKS = YES;
				GCC_OPTIMIZATION_LEVEL = 0;
				GCC_PREPROCESSOR_DEFINITIONS = (
					"DEBUG=1",
					"$(inherited)",
				);
				GCC_WARN_64_TO_32_BIT_CONVERSION = YES;
				GCC_WARN_ABOUT_RETURN_TYPE = YES_ERROR;
				GCC_WARN_UNDECLARED_SELECTOR = YES;
				GCC_WARN_UNINITIALIZED_AUTOS = YES_AGGRESSIVE;
				GCC_WARN_UNUSED_FUNCTION = YES;
				GCC_WARN_UNUSED_VARIABLE = YES;
				IPHONEOS_DEPLOYMENT_TARGET = 11.0;
				MTL_ENABLE_DEBUG_INFO = INCLUDE_SOURCE;
				MTL_FAST_MATH = YES;
				ONLY_ACTIVE_ARCH = YES;
				SDKROOT = iphoneos;
				SWIFT_ACTIVE_COMPILATION_CONDITIONS = DEBUG;
				SWIFT_OPTIMIZATION_LEVEL = "-Onone";
			};
			name = Debug;
		};
		E6BF969828F01E0400360F73 /* Release */ = {
			isa = XCBuildConfiguration;
			buildSettings = {
				ALWAYS_SEARCH_USER_PATHS = NO;
				CLANG_ANALYZER_NONNULL = YES;
				CLANG_ANALYZER_NUMBER_OBJECT_CONVERSION = YES_AGGRESSIVE;
				CLANG_CXX_LANGUAGE_STANDARD = "gnu++17";
				CLANG_ENABLE_MODULES = YES;
				CLANG_ENABLE_OBJC_ARC = YES;
				CLANG_ENABLE_OBJC_WEAK = YES;
				CLANG_WARN_BLOCK_CAPTURE_AUTORELEASING = YES;
				CLANG_WARN_BOOL_CONVERSION = YES;
				CLANG_WARN_COMMA = YES;
				CLANG_WARN_CONSTANT_CONVERSION = YES;
				CLANG_WARN_DEPRECATED_OBJC_IMPLEMENTATIONS = YES;
				CLANG_WARN_DIRECT_OBJC_ISA_USAGE = YES_ERROR;
				CLANG_WARN_DOCUMENTATION_COMMENTS = YES;
				CLANG_WARN_EMPTY_BODY = YES;
				CLANG_WARN_ENUM_CONVERSION = YES;
				CLANG_WARN_INFINITE_RECURSION = YES;
				CLANG_WARN_INT_CONVERSION = YES;
				CLANG_WARN_NON_LITERAL_NULL_CONVERSION = YES;
				CLANG_WARN_OBJC_IMPLICIT_RETAIN_SELF = YES;
				CLANG_WARN_OBJC_LITERAL_CONVERSION = YES;
				CLANG_WARN_OBJC_ROOT_CLASS = YES_ERROR;
				CLANG_WARN_QUOTED_INCLUDE_IN_FRAMEWORK_HEADER = YES;
				CLANG_WARN_RANGE_LOOP_ANALYSIS = YES;
				CLANG_WARN_STRICT_PROTOTYPES = YES;
				CLANG_WARN_SUSPICIOUS_MOVE = YES;
				CLANG_WARN_UNGUARDED_AVAILABILITY = YES_AGGRESSIVE;
				CLANG_WARN_UNREACHABLE_CODE = YES;
				CLANG_WARN__DUPLICATE_METHOD_MATCH = YES;
				COPY_PHASE_STRIP = NO;
				DEBUG_INFORMATION_FORMAT = "dwarf-with-dsym";
				ENABLE_NS_ASSERTIONS = NO;
				ENABLE_STRICT_OBJC_MSGSEND = YES;
				GCC_C_LANGUAGE_STANDARD = gnu11;
				GCC_NO_COMMON_BLOCKS = YES;
				GCC_WARN_64_TO_32_BIT_CONVERSION = YES;
				GCC_WARN_ABOUT_RETURN_TYPE = YES_ERROR;
				GCC_WARN_UNDECLARED_SELECTOR = YES;
				GCC_WARN_UNINITIALIZED_AUTOS = YES_AGGRESSIVE;
				GCC_WARN_UNUSED_FUNCTION = YES;
				GCC_WARN_UNUSED_VARIABLE = YES;
				IPHONEOS_DEPLOYMENT_TARGET = 11.0;
				MTL_ENABLE_DEBUG_INFO = NO;
				MTL_FAST_MATH = YES;
				SDKROOT = iphoneos;
				SWIFT_COMPILATION_MODE = wholemodule;
				SWIFT_OPTIMIZATION_LEVEL = "-O";
				VALIDATE_PRODUCT = YES;
			};
			name = Release;
		};
		E6BF969A28F01E0400360F73 /* Debug */ = {
			isa = XCBuildConfiguration;
			buildSettings = {
				ASSETCATALOG_COMPILER_APPICON_NAME = AppIcon;
				ASSETCATALOG_COMPILER_GLOBAL_ACCENT_COLOR_NAME = AccentColor;
				CODE_SIGN_STYLE = Automatic;
				CURRENT_PROJECT_VERSION = 1;
				GENERATE_INFOPLIST_FILE = YES;
				INFOPLIST_FILE = Mphasis_Test/Info.plist;
				INFOPLIST_KEY_UIApplicationSupportsIndirectInputEvents = YES;
				INFOPLIST_KEY_UILaunchStoryboardName = LaunchScreen;
				INFOPLIST_KEY_UIMainStoryboardFile = Main;
				INFOPLIST_KEY_UISupportedInterfaceOrientations_iPad = "UIInterfaceOrientationPortrait UIInterfaceOrientationPortraitUpsideDown UIInterfaceOrientationLandscapeLeft UIInterfaceOrientationLandscapeRight";
				INFOPLIST_KEY_UISupportedInterfaceOrientations_iPhone = "UIInterfaceOrientationPortrait UIInterfaceOrientationLandscapeLeft UIInterfaceOrientationLandscapeRight";
				LD_RUNPATH_SEARCH_PATHS = (
					"$(inherited)",
					"@executable_path/Frameworks",
				);
				MARKETING_VERSION = 1.0;
				PRODUCT_BUNDLE_IDENTIFIER = "abc.Mphasis-Test";
				PRODUCT_NAME = "$(TARGET_NAME)";
				SWIFT_EMIT_LOC_STRINGS = YES;
				SWIFT_VERSION = 5.0;
				TARGETED_DEVICE_FAMILY = "1,2";
			};
			name = Debug;
		};
		E6BF969B28F01E0400360F73 /* Release */ = {
			isa = XCBuildConfiguration;
			buildSettings = {
				ASSETCATALOG_COMPILER_APPICON_NAME = AppIcon;
				ASSETCATALOG_COMPILER_GLOBAL_ACCENT_COLOR_NAME = AccentColor;
				CODE_SIGN_STYLE = Automatic;
				CURRENT_PROJECT_VERSION = 1;
				GENERATE_INFOPLIST_FILE = YES;
				INFOPLIST_FILE = Mphasis_Test/Info.plist;
				INFOPLIST_KEY_UIApplicationSupportsIndirectInputEvents = YES;
				INFOPLIST_KEY_UILaunchStoryboardName = LaunchScreen;
				INFOPLIST_KEY_UIMainStoryboardFile = Main;
				INFOPLIST_KEY_UISupportedInterfaceOrientations_iPad = "UIInterfaceOrientationPortrait UIInterfaceOrientationPortraitUpsideDown UIInterfaceOrientationLandscapeLeft UIInterfaceOrientationLandscapeRight";
				INFOPLIST_KEY_UISupportedInterfaceOrientations_iPhone = "UIInterfaceOrientationPortrait UIInterfaceOrientationLandscapeLeft UIInterfaceOrientationLandscapeRight";
				LD_RUNPATH_SEARCH_PATHS = (
					"$(inherited)",
					"@executable_path/Frameworks",
				);
				MARKETING_VERSION = 1.0;
				PRODUCT_BUNDLE_IDENTIFIER = "abc.Mphasis-Test";
				PRODUCT_NAME = "$(TARGET_NAME)";
				SWIFT_EMIT_LOC_STRINGS = YES;
				SWIFT_VERSION = 5.0;
				TARGETED_DEVICE_FAMILY = "1,2";
			};
			name = Release;
		};
/* End XCBuildConfiguration section */

/* Begin XCConfigurationList section */
		E6BF968028F01E0300360F73 /* Build configuration list for PBXProject "Mphasis_Test" */ = {
			isa = XCConfigurationList;
			buildConfigurations = (
				E6BF969728F01E0400360F73 /* Debug */,
				E6BF969828F01E0400360F73 /* Release */,
			);
			defaultConfigurationIsVisible = 0;
			defaultConfigurationName = Release;
		};
		E6BF969928F01E0400360F73 /* Build configuration list for PBXNativeTarget "Mphasis_Test" */ = {
			isa = XCConfigurationList;
			buildConfigurations = (
				E6BF969A28F01E0400360F73 /* Debug */,
				E6BF969B28F01E0400360F73 /* Release */,
			);
			defaultConfigurationIsVisible = 0;
			defaultConfigurationName = Release;
		};
/* End XCConfigurationList section */
	};
	rootObject = E6BF967D28F01E0300360F73 /* Project object */;
}
